
Microsoft Visual Studio Solution File, Format Version 12.00
# Visual Studio 15
VisualStudioVersion = 15.0.28307.645
MinimumVisualStudioVersion = 10.0.40219.1
Project("{8BC9CEB8-8B4A-11D0-8D11-00A0C91BC942}") = "Training1", "Training1\Training1.vcxproj", "{76B30C8A-E625-4FA6-9E14-967E8F607C93}"
EndProject
Global
	GlobalSection(SolutionConfigurationPlatforms) = preSolution
		Debug|x64 = Debug|x64
		Debug|x86 = Debug|x86
		Release|x64 = Release|x64
		Release|x86 = Release|x86
	EndGlobalSection
	GlobalSection(ProjectConfigurationPlatforms) = postSolution
		{76B30C8A-E625-4FA6-9E14-967E8F607C93}.Debug|x64.ActiveCfg = Debug|x64
		{76B30C8A-E625-4FA6-9E14-967E8F607C93}.Debug|x64.Build.0 = Debug|x64
		{76B30C8A-E625-4FA6-9E14-967E8F607C93}.Debug|x86.ActiveCfg = Debug|Win32
		{76B30C8A-E625-4FA6-9E14-967E8F607C93}.Debug|x86.Build.0 = Debug|Win32
		{76B30C8A-E625-4FA6-9E14-967E8F607C93}.Release|x64.ActiveCfg = Release|x64
		{76B30C8A-E625-4FA6-9E14-967E8F607C93}.Release|x64.Build.0 = Release|x64
		{76B30C8A-E625-4FA6-9E14-967E8F607C93}.Release|x86.ActiveCfg = Release|Win32
		{76B30C8A-E625-4FA6-9E14-967E8F607C93}.Release|x86.Build.0 = Release|Win32
	EndGlobalSection
	GlobalSection(SolutionProperties) = preSolution
		HideSolutionNode = FALSE
	EndGlobalSection
	GlobalSection(ExtensibilityGlobals) = postSolution
		SolutionGuid = {87CC4CE3-5591-44CB-8186-581ED9C6BF0D}
	EndGlobalSection
EndGlobal
